// !$*UTF8*$!
{
	archiveVersion = 1;
	classes = {
	};
	objectVersion = 48;
	objects = {

/* Begin PBXBuildFile section */
		021BB1231FBA45E300AC52CE /* SignUpViewController.swift in Sources */ = {isa = PBXBuildFile; fileRef = 021BB1221FBA45E300AC52CE /* SignUpViewController.swift */; };
		023A3548201B725700894651 /* FixtureDetailViewController.swift in Sources */ = {isa = PBXBuildFile; fileRef = 023A3547201B725700894651 /* FixtureDetailViewController.swift */; };
		023A354A201C6B3D00894651 /* edit.png in Resources */ = {isa = PBXBuildFile; fileRef = 023A3549201C6B3A00894651 /* edit.png */; };
		023A354C201C6BFB00894651 /* upload.png in Resources */ = {isa = PBXBuildFile; fileRef = 023A354B201C6BF900894651 /* upload.png */; };
		023A354E201C7A7400894651 /* Profile.png in Resources */ = {isa = PBXBuildFile; fileRef = 023A354D201C7A7100894651 /* Profile.png */; };
		023FAEE91FC7553700AD6505 /* GoogleService-Info.plist in Resources */ = {isa = PBXBuildFile; fileRef = 023FAEE81FC7553600AD6505 /* GoogleService-Info.plist */; };
		023FAF361FC75B7600AD6505 /* add-user.png in Resources */ = {isa = PBXBuildFile; fileRef = 023FAF341FC75B7600AD6505 /* add-user.png */; };
		023FAF371FC75B7600AD6505 /* team.png in Resources */ = {isa = PBXBuildFile; fileRef = 023FAF351FC75B7600AD6505 /* team.png */; };
		023FAF391FC75BA000AD6505 /* PlayersTableViewController.swift in Sources */ = {isa = PBXBuildFile; fileRef = 023FAF381FC75B9F00AD6505 /* PlayersTableViewController.swift */; };
		023FAF3B1FC7837800AD6505 /* PlayersTableViewCell.swift in Sources */ = {isa = PBXBuildFile; fileRef = 023FAF3A1FC7837800AD6505 /* PlayersTableViewCell.swift */; };
		023FAF421FC9EA6900AD6505 /* PlayerDetailViewController.swift in Sources */ = {isa = PBXBuildFile; fileRef = 023FAF411FC9EA6900AD6505 /* PlayerDetailViewController.swift */; };
		02409EDA1FD7460900CE23BD /* LoginViewController.swift in Sources */ = {isa = PBXBuildFile; fileRef = 02409ED91FD7460900CE23BD /* LoginViewController.swift */; };
		025251861FFABDAD00A1C8D4 /* FixturesTableViewController.swift in Sources */ = {isa = PBXBuildFile; fileRef = 025251851FFABDAD00A1C8D4 /* FixturesTableViewController.swift */; };
		025251882006270A00A1C8D4 /* FixturesTableViewCell.swift in Sources */ = {isa = PBXBuildFile; fileRef = 025251872006270A00A1C8D4 /* FixturesTableViewCell.swift */; };
		0252518B2006379A00A1C8D4 /* Away.png in Resources */ = {isa = PBXBuildFile; fileRef = 025251892006379A00A1C8D4 /* Away.png */; };
		0252518C2006379A00A1C8D4 /* Home.png in Resources */ = {isa = PBXBuildFile; fileRef = 0252518A2006379A00A1C8D4 /* Home.png */; };
		029E17D31FBA307C00E5F8AB /* AppDelegate.swift in Sources */ = {isa = PBXBuildFile; fileRef = 029E17D21FBA307C00E5F8AB /* AppDelegate.swift */; };
		029E17D81FBA307C00E5F8AB /* Main.storyboard in Resources */ = {isa = PBXBuildFile; fileRef = 029E17D61FBA307C00E5F8AB /* Main.storyboard */; };
		029E17DB1FBA307C00E5F8AB /* TBG.xcdatamodeld in Sources */ = {isa = PBXBuildFile; fileRef = 029E17D91FBA307C00E5F8AB /* TBG.xcdatamodeld */; };
		029E17DD1FBA307C00E5F8AB /* Assets.xcassets in Resources */ = {isa = PBXBuildFile; fileRef = 029E17DC1FBA307C00E5F8AB /* Assets.xcassets */; };
		029E17E01FBA307C00E5F8AB /* LaunchScreen.storyboard in Resources */ = {isa = PBXBuildFile; fileRef = 029E17DE1FBA307C00E5F8AB /* LaunchScreen.storyboard */; };
		02D091C72015D884003D3087 /* PlayerViewController.swift in Sources */ = {isa = PBXBuildFile; fileRef = 02D091C62015D884003D3087 /* PlayerViewController.swift */; };
		02D091D020172728003D3087 /* TokenGenerationViewController.swift in Sources */ = {isa = PBXBuildFile; fileRef = 02D091CF20172728003D3087 /* TokenGenerationViewController.swift */; };
		02F607A61FF298090025D18F /* messaging.png in Resources */ = {isa = PBXBuildFile; fileRef = 02F607A51FF298070025D18F /* messaging.png */; };
		02F607A81FF2CE8A0025D18F /* fixture.png in Resources */ = {isa = PBXBuildFile; fileRef = 02F607A71FF2CE880025D18F /* fixture.png */; };
		02F607AA1FF2D8770025D18F /* game.png in Resources */ = {isa = PBXBuildFile; fileRef = 02F607A91FF2D8750025D18F /* game.png */; };
		02F607AC1FF2DBB10025D18F /* CreateGameViewController.swift in Sources */ = {isa = PBXBuildFile; fileRef = 02F607AB1FF2DBB10025D18F /* CreateGameViewController.swift */; };
		21D8FE36B2E01535BB68E0D5 /* Pods_TBG.framework in Frameworks */ = {isa = PBXBuildFile; fileRef = 80E738D854AE3B77EF8EAD9C /* Pods_TBG.framework */; };
/* End PBXBuildFile section */

/* Begin PBXFileReference section */
		021BB1221FBA45E300AC52CE /* SignUpViewController.swift */ = {isa = PBXFileReference; lastKnownFileType = sourcecode.swift; path = SignUpViewController.swift; sourceTree = "<group>"; };
		023A3547201B725700894651 /* FixtureDetailViewController.swift */ = {isa = PBXFileReference; lastKnownFileType = sourcecode.swift; path = FixtureDetailViewController.swift; sourceTree = "<group>"; };
		023A3549201C6B3A00894651 /* edit.png */ = {isa = PBXFileReference; lastKnownFileType = image.png; name = edit.png; path = Icons/edit.png; sourceTree = SOURCE_ROOT; };
		023A354B201C6BF900894651 /* upload.png */ = {isa = PBXFileReference; lastKnownFileType = image.png; name = upload.png; path = Icons/upload.png; sourceTree = SOURCE_ROOT; };
		023A354D201C7A7100894651 /* Profile.png */ = {isa = PBXFileReference; lastKnownFileType = image.png; name = Profile.png; path = Icons/Profile.png; sourceTree = SOURCE_ROOT; };
		023FAEE81FC7553600AD6505 /* GoogleService-Info.plist */ = {isa = PBXFileReference; fileEncoding = 4; lastKnownFileType = text.plist.xml; path = "GoogleService-Info.plist"; sourceTree = "<group>"; };
		023FAF341FC75B7600AD6505 /* add-user.png */ = {isa = PBXFileReference; lastKnownFileType = image.png; name = "add-user.png"; path = "Icons/add-user.png"; sourceTree = SOURCE_ROOT; };
		023FAF351FC75B7600AD6505 /* team.png */ = {isa = PBXFileReference; lastKnownFileType = image.png; name = team.png; path = Icons/team.png; sourceTree = SOURCE_ROOT; };
		023FAF381FC75B9F00AD6505 /* PlayersTableViewController.swift */ = {isa = PBXFileReference; fileEncoding = 4; lastKnownFileType = sourcecode.swift; path = PlayersTableViewController.swift; sourceTree = "<group>"; };
		023FAF3A1FC7837800AD6505 /* PlayersTableViewCell.swift */ = {isa = PBXFileReference; lastKnownFileType = sourcecode.swift; path = PlayersTableViewCell.swift; sourceTree = "<group>"; };
		023FAF411FC9EA6900AD6505 /* PlayerDetailViewController.swift */ = {isa = PBXFileReference; lastKnownFileType = sourcecode.swift; path = PlayerDetailViewController.swift; sourceTree = "<group>"; };
		02409ED91FD7460900CE23BD /* LoginViewController.swift */ = {isa = PBXFileReference; lastKnownFileType = sourcecode.swift; path = LoginViewController.swift; sourceTree = "<group>"; };
		025251851FFABDAD00A1C8D4 /* FixturesTableViewController.swift */ = {isa = PBXFileReference; lastKnownFileType = sourcecode.swift; path = FixturesTableViewController.swift; sourceTree = "<group>"; };
		025251872006270A00A1C8D4 /* FixturesTableViewCell.swift */ = {isa = PBXFileReference; lastKnownFileType = sourcecode.swift; path = FixturesTableViewCell.swift; sourceTree = "<group>"; };
		025251892006379A00A1C8D4 /* Away.png */ = {isa = PBXFileReference; lastKnownFileType = image.png; name = Away.png; path = Icons/Away.png; sourceTree = SOURCE_ROOT; };
		0252518A2006379A00A1C8D4 /* Home.png */ = {isa = PBXFileReference; lastKnownFileType = image.png; name = Home.png; path = Icons/Home.png; sourceTree = SOURCE_ROOT; };
		0252518D20068F6200A1C8D4 /* TBG.entitlements */ = {isa = PBXFileReference; lastKnownFileType = text.plist.entitlements; path = TBG.entitlements; sourceTree = "<group>"; };
		029E17CF1FBA307C00E5F8AB /* TBG.app */ = {isa = PBXFileReference; explicitFileType = wrapper.application; includeInIndex = 0; path = TBG.app; sourceTree = BUILT_PRODUCTS_DIR; };
		029E17D21FBA307C00E5F8AB /* AppDelegate.swift */ = {isa = PBXFileReference; lastKnownFileType = sourcecode.swift; path = AppDelegate.swift; sourceTree = "<group>"; };
		029E17D71FBA307C00E5F8AB /* Base */ = {isa = PBXFileReference; lastKnownFileType = file.storyboard; name = Base; path = Base.lproj/Main.storyboard; sourceTree = "<group>"; };
		029E17DA1FBA307C00E5F8AB /* TBG.xcdatamodel */ = {isa = PBXFileReference; lastKnownFileType = wrapper.xcdatamodel; path = TBG.xcdatamodel; sourceTree = "<group>"; };
		029E17DC1FBA307C00E5F8AB /* Assets.xcassets */ = {isa = PBXFileReference; lastKnownFileType = folder.assetcatalog; path = Assets.xcassets; sourceTree = "<group>"; };
		029E17DF1FBA307C00E5F8AB /* Base */ = {isa = PBXFileReference; lastKnownFileType = file.storyboard; name = Base; path = Base.lproj/LaunchScreen.storyboard; sourceTree = "<group>"; };
		029E17E11FBA307C00E5F8AB /* Info.plist */ = {isa = PBXFileReference; lastKnownFileType = text.plist.xml; path = Info.plist; sourceTree = "<group>"; };
		02D091C62015D884003D3087 /* PlayerViewController.swift */ = {isa = PBXFileReference; lastKnownFileType = sourcecode.swift; path = PlayerViewController.swift; sourceTree = "<group>"; };
		02D091CF20172728003D3087 /* TokenGenerationViewController.swift */ = {isa = PBXFileReference; lastKnownFileType = sourcecode.swift; path = TokenGenerationViewController.swift; sourceTree = "<group>"; };
		02F607A51FF298070025D18F /* messaging.png */ = {isa = PBXFileReference; lastKnownFileType = image.png; name = messaging.png; path = Icons/messaging.png; sourceTree = SOURCE_ROOT; };
		02F607A71FF2CE880025D18F /* fixture.png */ = {isa = PBXFileReference; lastKnownFileType = image.png; name = fixture.png; path = Icons/fixture.png; sourceTree = SOURCE_ROOT; };
		02F607A91FF2D8750025D18F /* game.png */ = {isa = PBXFileReference; lastKnownFileType = image.png; name = game.png; path = Icons/game.png; sourceTree = SOURCE_ROOT; };
		02F607AB1FF2DBB10025D18F /* CreateGameViewController.swift */ = {isa = PBXFileReference; lastKnownFileType = sourcecode.swift; path = CreateGameViewController.swift; sourceTree = "<group>"; };
		03C597F2654A7830B541D478 /* Pods-TBG.debug.xcconfig */ = {isa = PBXFileReference; includeInIndex = 1; lastKnownFileType = text.xcconfig; name = "Pods-TBG.debug.xcconfig"; path = "Pods/Target Support Files/Pods-TBG/Pods-TBG.debug.xcconfig"; sourceTree = "<group>"; };
		49C8561EA02B5F2CD4A48983 /* Pods-TBG.release.xcconfig */ = {isa = PBXFileReference; includeInIndex = 1; lastKnownFileType = text.xcconfig; name = "Pods-TBG.release.xcconfig"; path = "Pods/Target Support Files/Pods-TBG/Pods-TBG.release.xcconfig"; sourceTree = "<group>"; };
		80E738D854AE3B77EF8EAD9C /* Pods_TBG.framework */ = {isa = PBXFileReference; explicitFileType = wrapper.framework; includeInIndex = 0; path = Pods_TBG.framework; sourceTree = BUILT_PRODUCTS_DIR; };
/* End PBXFileReference section */

/* Begin PBXFrameworksBuildPhase section */
		029E17CC1FBA307C00E5F8AB /* Frameworks */ = {
			isa = PBXFrameworksBuildPhase;
			buildActionMask = 2147483647;
			files = (
				21D8FE36B2E01535BB68E0D5 /* Pods_TBG.framework in Frameworks */,
			);
			runOnlyForDeploymentPostprocessing = 0;
		};
/* End PBXFrameworksBuildPhase section */

/* Begin PBXGroup section */
		023FAEEF1FC75B2500AD6505 /* icons */ = {
			isa = PBXGroup;
			children = (
				023A354D201C7A7100894651 /* Profile.png */,
				023A354B201C6BF900894651 /* upload.png */,
				023A3549201C6B3A00894651 /* edit.png */,
				025251892006379A00A1C8D4 /* Away.png */,
				0252518A2006379A00A1C8D4 /* Home.png */,
				02F607A91FF2D8750025D18F /* game.png */,
				02F607A71FF2CE880025D18F /* fixture.png */,
				02F607A51FF298070025D18F /* messaging.png */,
				023FAF341FC75B7600AD6505 /* add-user.png */,
				023FAF351FC75B7600AD6505 /* team.png */,
			);
			path = icons;
			sourceTree = "<group>";
		};
		023FAF401FC9E65100AD6505 /* Teams (ManagerView) */ = {
			isa = PBXGroup;
			children = (
				023FAF381FC75B9F00AD6505 /* PlayersTableViewController.swift */,
				023FAF3A1FC7837800AD6505 /* PlayersTableViewCell.swift */,
				023FAF411FC9EA6900AD6505 /* PlayerDetailViewController.swift */,
			);
			path = "Teams (ManagerView)";
			sourceTree = "<group>";
		};
		025251821FFAAED400A1C8D4 /* Create Game */ = {
			isa = PBXGroup;
			children = (
				02F607AB1FF2DBB10025D18F /* CreateGameViewController.swift */,
			);
			path = "Create Game";
			sourceTree = "<group>";
		};
		025251831FFAAEF300A1C8D4 /* Sign In */ = {
			isa = PBXGroup;
			children = (
				021BB1221FBA45E300AC52CE /* SignUpViewController.swift */,
				02409ED91FD7460900CE23BD /* LoginViewController.swift */,
			);
			path = "Sign In";
			sourceTree = "<group>";
		};
		025251841FFAB97F00A1C8D4 /* Fixtures */ = {
			isa = PBXGroup;
			children = (
				025251851FFABDAD00A1C8D4 /* FixturesTableViewController.swift */,
				025251872006270A00A1C8D4 /* FixturesTableViewCell.swift */,
				023A3547201B725700894651 /* FixtureDetailViewController.swift */,
			);
			path = Fixtures;
			sourceTree = "<group>";
		};
		029E17C61FBA307C00E5F8AB = {
			isa = PBXGroup;
			children = (
				029E17D11FBA307C00E5F8AB /* TBG */,
				029E17D01FBA307C00E5F8AB /* Products */,
				1B2717BB178DC4D760675242 /* Pods */,
				33D73020526860298BF3E6ED /* Frameworks */,
			);
			sourceTree = "<group>";
		};
		029E17D01FBA307C00E5F8AB /* Products */ = {
			isa = PBXGroup;
			children = (
				029E17CF1FBA307C00E5F8AB /* TBG.app */,
			);
			name = Products;
			sourceTree = "<group>";
		};
		029E17D11FBA307C00E5F8AB /* TBG */ = {
			isa = PBXGroup;
			children = (
				0252518D20068F6200A1C8D4 /* TBG.entitlements */,
				029E17D21FBA307C00E5F8AB /* AppDelegate.swift */,
				029E17D61FBA307C00E5F8AB /* Main.storyboard */,
				029E17DE1FBA307C00E5F8AB /* LaunchScreen.storyboard */,
				023FAEEF1FC75B2500AD6505 /* icons */,
				025251831FFAAEF300A1C8D4 /* Sign In */,
				02D091C52015D859003D3087 /* Player */,
				023FAF401FC9E65100AD6505 /* Teams (ManagerView) */,
				025251841FFAB97F00A1C8D4 /* Fixtures */,
				025251821FFAAED400A1C8D4 /* Create Game */,
				02D091C82015DB31003D3087 /* Shared */,
				029E17E11FBA307C00E5F8AB /* Info.plist */,
				023FAEE81FC7553600AD6505 /* GoogleService-Info.plist */,
				029E17D91FBA307C00E5F8AB /* TBG.xcdatamodeld */,
				029E17DC1FBA307C00E5F8AB /* Assets.xcassets */,
			);
			path = TBG;
			sourceTree = "<group>";
		};
		02D091C52015D859003D3087 /* Player */ = {
			isa = PBXGroup;
			children = (
				02D091C62015D884003D3087 /* PlayerViewController.swift */,
			);
			path = Player;
			sourceTree = "<group>";
		};
		02D091C82015DB31003D3087 /* Shared */ = {
			isa = PBXGroup;
			children = (
				02D091CF20172728003D3087 /* TokenGenerationViewController.swift */,
			);
			path = Shared;
			sourceTree = "<group>";
		};
		1B2717BB178DC4D760675242 /* Pods */ = {
			isa = PBXGroup;
			children = (
				03C597F2654A7830B541D478 /* Pods-TBG.debug.xcconfig */,
				49C8561EA02B5F2CD4A48983 /* Pods-TBG.release.xcconfig */,
			);
			name = Pods;
			sourceTree = "<group>";
		};
		33D73020526860298BF3E6ED /* Frameworks */ = {
			isa = PBXGroup;
			children = (
				80E738D854AE3B77EF8EAD9C /* Pods_TBG.framework */,
			);
			name = Frameworks;
			sourceTree = "<group>";
		};
/* End PBXGroup section */

/* Begin PBXNativeTarget section */
		029E17CE1FBA307C00E5F8AB /* TBG */ = {
			isa = PBXNativeTarget;
			buildConfigurationList = 029E17E41FBA307C00E5F8AB /* Build configuration list for PBXNativeTarget "TBG" */;
			buildPhases = (
				6533CA684728D4C81E7C66E3 /* [CP] Check Pods Manifest.lock */,
				029E17CB1FBA307C00E5F8AB /* Sources */,
				029E17CC1FBA307C00E5F8AB /* Frameworks */,
				029E17CD1FBA307C00E5F8AB /* Resources */,
				80E811AEA865FCC0FC00AB09 /* [CP] Embed Pods Frameworks */,
				B69D761C9C0415BB1BBA5D51 /* [CP] Copy Pods Resources */,
			);
			buildRules = (
			);
			dependencies = (
			);
			name = TBG;
			productName = TBG;
			productReference = 029E17CF1FBA307C00E5F8AB /* TBG.app */;
			productType = "com.apple.product-type.application";
		};
/* End PBXNativeTarget section */

/* Begin PBXProject section */
		029E17C71FBA307C00E5F8AB /* Project object */ = {
			isa = PBXProject;
			attributes = {
				LastSwiftUpdateCheck = 0900;
				LastUpgradeCheck = 0900;
				ORGANIZATIONNAME = "Kris Reid";
				TargetAttributes = {
					029E17CE1FBA307C00E5F8AB = {
						CreatedOnToolsVersion = 9.0;
						ProvisioningStyle = Automatic;
						SystemCapabilities = {
							com.apple.Push = {
								enabled = 1;
							};
						};
					};
				};
			};
			buildConfigurationList = 029E17CA1FBA307C00E5F8AB /* Build configuration list for PBXProject "TBG" */;
			compatibilityVersion = "Xcode 8.0";
			developmentRegion = en;
			hasScannedForEncodings = 0;
			knownRegions = (
				en,
				Base,
			);
			mainGroup = 029E17C61FBA307C00E5F8AB;
			productRefGroup = 029E17D01FBA307C00E5F8AB /* Products */;
			projectDirPath = "";
			projectRoot = "";
			targets = (
				029E17CE1FBA307C00E5F8AB /* TBG */,
			);
		};
/* End PBXProject section */

/* Begin PBXResourcesBuildPhase section */
		029E17CD1FBA307C00E5F8AB /* Resources */ = {
			isa = PBXResourcesBuildPhase;
			buildActionMask = 2147483647;
			files = (
				023FAF361FC75B7600AD6505 /* add-user.png in Resources */,
				029E17E01FBA307C00E5F8AB /* LaunchScreen.storyboard in Resources */,
				02F607AA1FF2D8770025D18F /* game.png in Resources */,
				023A354E201C7A7400894651 /* Profile.png in Resources */,
				023FAF371FC75B7600AD6505 /* team.png in Resources */,
				0252518C2006379A00A1C8D4 /* Home.png in Resources */,
				023A354A201C6B3D00894651 /* edit.png in Resources */,
				029E17DD1FBA307C00E5F8AB /* Assets.xcassets in Resources */,
				02F607A61FF298090025D18F /* messaging.png in Resources */,
				02F607A81FF2CE8A0025D18F /* fixture.png in Resources */,
				023A354C201C6BFB00894651 /* upload.png in Resources */,
				0252518B2006379A00A1C8D4 /* Away.png in Resources */,
				023FAEE91FC7553700AD6505 /* GoogleService-Info.plist in Resources */,
				029E17D81FBA307C00E5F8AB /* Main.storyboard in Resources */,
			);
			runOnlyForDeploymentPostprocessing = 0;
		};
/* End PBXResourcesBuildPhase section */

/* Begin PBXShellScriptBuildPhase section */
		6533CA684728D4C81E7C66E3 /* [CP] Check Pods Manifest.lock */ = {
			isa = PBXShellScriptBuildPhase;
			buildActionMask = 2147483647;
			files = (
			);
			inputPaths = (
				"${PODS_PODFILE_DIR_PATH}/Podfile.lock",
				"${PODS_ROOT}/Manifest.lock",
			);
			name = "[CP] Check Pods Manifest.lock";
			outputPaths = (
				"$(DERIVED_FILE_DIR)/Pods-TBG-checkManifestLockResult.txt",
			);
			runOnlyForDeploymentPostprocessing = 0;
			shellPath = /bin/sh;
			shellScript = "diff \"${PODS_PODFILE_DIR_PATH}/Podfile.lock\" \"${PODS_ROOT}/Manifest.lock\" > /dev/null\nif [ $? != 0 ] ; then\n    # print error to STDERR\n    echo \"error: The sandbox is not in sync with the Podfile.lock. Run 'pod install' or update your CocoaPods installation.\" >&2\n    exit 1\nfi\n# This output is used by Xcode 'outputs' to avoid re-running this script phase.\necho \"SUCCESS\" > \"${SCRIPT_OUTPUT_FILE_0}\"\n";
			showEnvVarsInLog = 0;
		};
		80E811AEA865FCC0FC00AB09 /* [CP] Embed Pods Frameworks */ = {
			isa = PBXShellScriptBuildPhase;
			buildActionMask = 2147483647;
			files = (
			);
			inputPaths = (
				"${SRCROOT}/Pods/Target Support Files/Pods-TBG/Pods-TBG-frameworks.sh",
				"${BUILT_PRODUCTS_DIR}/GTMSessionFetcher/GTMSessionFetcher.framework",
				"${BUILT_PRODUCTS_DIR}/GoogleToolboxForMac/GoogleToolboxForMac.framework",
				"${BUILT_PRODUCTS_DIR}/Protobuf/Protobuf.framework",
				"${BUILT_PRODUCTS_DIR}/leveldb-library/leveldb.framework",
				"${BUILT_PRODUCTS_DIR}/nanopb/nanopb.framework",
			);
			name = "[CP] Embed Pods Frameworks";
			outputPaths = (
				"${TARGET_BUILD_DIR}/${FRAMEWORKS_FOLDER_PATH}/GTMSessionFetcher.framework",
				"${TARGET_BUILD_DIR}/${FRAMEWORKS_FOLDER_PATH}/GoogleToolboxForMac.framework",
				"${TARGET_BUILD_DIR}/${FRAMEWORKS_FOLDER_PATH}/Protobuf.framework",
				"${TARGET_BUILD_DIR}/${FRAMEWORKS_FOLDER_PATH}/leveldb.framework",
				"${TARGET_BUILD_DIR}/${FRAMEWORKS_FOLDER_PATH}/nanopb.framework",
			);
			runOnlyForDeploymentPostprocessing = 0;
			shellPath = /bin/sh;
			shellScript = "\"${SRCROOT}/Pods/Target Support Files/Pods-TBG/Pods-TBG-frameworks.sh\"\n";
			showEnvVarsInLog = 0;
		};
		B69D761C9C0415BB1BBA5D51 /* [CP] Copy Pods Resources */ = {
			isa = PBXShellScriptBuildPhase;
			buildActionMask = 2147483647;
			files = (
			);
			inputPaths = (
			);
			name = "[CP] Copy Pods Resources";
			outputPaths = (
			);
			runOnlyForDeploymentPostprocessing = 0;
			shellPath = /bin/sh;
			shellScript = "\"${SRCROOT}/Pods/Target Support Files/Pods-TBG/Pods-TBG-resources.sh\"\n";
			showEnvVarsInLog = 0;
		};
/* End PBXShellScriptBuildPhase section */

/* Begin PBXSourcesBuildPhase section */
		029E17CB1FBA307C00E5F8AB /* Sources */ = {
			isa = PBXSourcesBuildPhase;
			buildActionMask = 2147483647;
			files = (
				02409EDA1FD7460900CE23BD /* LoginViewController.swift in Sources */,
				029E17DB1FBA307C00E5F8AB /* TBG.xcdatamodeld in Sources */,
				023FAF3B1FC7837800AD6505 /* PlayersTableViewCell.swift in Sources */,
				023A3548201B725700894651 /* FixtureDetailViewController.swift in Sources */,
				023FAF421FC9EA6900AD6505 /* PlayerDetailViewController.swift in Sources */,
				021BB1231FBA45E300AC52CE /* SignUpViewController.swift in Sources */,
				025251882006270A00A1C8D4 /* FixturesTableViewCell.swift in Sources */,
				029E17D31FBA307C00E5F8AB /* AppDelegate.swift in Sources */,
				025251861FFABDAD00A1C8D4 /* FixturesTableViewController.swift in Sources */,
				02F607AC1FF2DBB10025D18F /* CreateGameViewController.swift in Sources */,
				02D091C72015D884003D3087 /* PlayerViewController.swift in Sources */,
				02D091D020172728003D3087 /* TokenGenerationViewController.swift in Sources */,
				023FAF391FC75BA000AD6505 /* PlayersTableViewController.swift in Sources */,
			);
			runOnlyForDeploymentPostprocessing = 0;
		};
/* End PBXSourcesBuildPhase section */

/* Begin PBXVariantGroup section */
		029E17D61FBA307C00E5F8AB /* Main.storyboard */ = {
			isa = PBXVariantGroup;
			children = (
				029E17D71FBA307C00E5F8AB /* Base */,
			);
			name = Main.storyboard;
			sourceTree = "<group>";
		};
		029E17DE1FBA307C00E5F8AB /* LaunchScreen.storyboard */ = {
			isa = PBXVariantGroup;
			children = (
				029E17DF1FBA307C00E5F8AB /* Base */,
			);
			name = LaunchScreen.storyboard;
			sourceTree = "<group>";
		};
/* End PBXVariantGroup section */

/* Begin XCBuildConfiguration section */
		029E17E21FBA307C00E5F8AB /* Debug */ = {
			isa = XCBuildConfiguration;
			buildSettings = {
				ALWAYS_SEARCH_USER_PATHS = NO;
				CLANG_ANALYZER_NONNULL = YES;
				CLANG_ANALYZER_NUMBER_OBJECT_CONVERSION = YES_AGGRESSIVE;
				CLANG_CXX_LANGUAGE_STANDARD = "gnu++14";
				CLANG_CXX_LIBRARY = "libc++";
				CLANG_ENABLE_MODULES = YES;
				CLANG_ENABLE_OBJC_ARC = YES;
				CLANG_WARN_BLOCK_CAPTURE_AUTORELEASING = YES;
				CLANG_WARN_BOOL_CONVERSION = YES;
				CLANG_WARN_COMMA = YES;
				CLANG_WARN_CONSTANT_CONVERSION = YES;
				CLANG_WARN_DIRECT_OBJC_ISA_USAGE = YES_ERROR;
				CLANG_WARN_DOCUMENTATION_COMMENTS = YES;
				CLANG_WARN_EMPTY_BODY = YES;
				CLANG_WARN_ENUM_CONVERSION = YES;
				CLANG_WARN_INFINITE_RECURSION = YES;
				CLANG_WARN_INT_CONVERSION = YES;
				CLANG_WARN_NON_LITERAL_NULL_CONVERSION = YES;
				CLANG_WARN_OBJC_LITERAL_CONVERSION = YES;
				CLANG_WARN_OBJC_ROOT_CLASS = YES_ERROR;
				CLANG_WARN_RANGE_LOOP_ANALYSIS = YES;
				CLANG_WARN_STRICT_PROTOTYPES = YES;
				CLANG_WARN_SUSPICIOUS_MOVE = YES;
				CLANG_WARN_UNGUARDED_AVAILABILITY = YES_AGGRESSIVE;
				CLANG_WARN_UNREACHABLE_CODE = YES;
				CLANG_WARN__DUPLICATE_METHOD_MATCH = YES;
				CODE_SIGN_IDENTITY = "iPhone Developer";
				COPY_PHASE_STRIP = NO;
				DEBUG_INFORMATION_FORMAT = dwarf;
				ENABLE_STRICT_OBJC_MSGSEND = YES;
				ENABLE_TESTABILITY = YES;
				GCC_C_LANGUAGE_STANDARD = gnu11;
				GCC_DYNAMIC_NO_PIC = NO;
				GCC_NO_COMMON_BLOCKS = YES;
				GCC_OPTIMIZATION_LEVEL = 0;
				GCC_PREPROCESSOR_DEFINITIONS = (
					"DEBUG=1",
					"$(inherited)",
				);
				GCC_WARN_64_TO_32_BIT_CONVERSION = YES;
				GCC_WARN_ABOUT_RETURN_TYPE = YES_ERROR;
				GCC_WARN_UNDECLARED_SELECTOR = YES;
				GCC_WARN_UNINITIALIZED_AUTOS = YES_AGGRESSIVE;
				GCC_WARN_UNUSED_FUNCTION = YES;
				GCC_WARN_UNUSED_VARIABLE = YES;
				IPHONEOS_DEPLOYMENT_TARGET = 11.0;
				MTL_ENABLE_DEBUG_INFO = YES;
				ONLY_ACTIVE_ARCH = YES;
				SDKROOT = iphoneos;
				SWIFT_ACTIVE_COMPILATION_CONDITIONS = DEBUG;
				SWIFT_OPTIMIZATION_LEVEL = "-Onone";
			};
			name = Debug;
		};
		029E17E31FBA307C00E5F8AB /* Release */ = {
			isa = XCBuildConfiguration;
			buildSettings = {
				ALWAYS_SEARCH_USER_PATHS = NO;
				CLANG_ANALYZER_NONNULL = YES;
				CLANG_ANALYZER_NUMBER_OBJECT_CONVERSION = YES_AGGRESSIVE;
				CLANG_CXX_LANGUAGE_STANDARD = "gnu++14";
				CLANG_CXX_LIBRARY = "libc++";
				CLANG_ENABLE_MODULES = YES;
				CLANG_ENABLE_OBJC_ARC = YES;
				CLANG_WARN_BLOCK_CAPTURE_AUTORELEASING = YES;
				CLANG_WARN_BOOL_CONVERSION = YES;
				CLANG_WARN_COMMA = YES;
				CLANG_WARN_CONSTANT_CONVERSION = YES;
				CLANG_WARN_DIRECT_OBJC_ISA_USAGE = YES_ERROR;
				CLANG_WARN_DOCUMENTATION_COMMENTS = YES;
				CLANG_WARN_EMPTY_BODY = YES;
				CLANG_WARN_ENUM_CONVERSION = YES;
				CLANG_WARN_INFINITE_RECURSION = YES;
				CLANG_WARN_INT_CONVERSION = YES;
				CLANG_WARN_NON_LITERAL_NULL_CONVERSION = YES;
				CLANG_WARN_OBJC_LITERAL_CONVERSION = YES;
				CLANG_WARN_OBJC_ROOT_CLASS = YES_ERROR;
				CLANG_WARN_RANGE_LOOP_ANALYSIS = YES;
				CLANG_WARN_STRICT_PROTOTYPES = YES;
				CLANG_WARN_SUSPICIOUS_MOVE = YES;
				CLANG_WARN_UNGUARDED_AVAILABILITY = YES_AGGRESSIVE;
				CLANG_WARN_UNREACHABLE_CODE = YES;
				CLANG_WARN__DUPLICATE_METHOD_MATCH = YES;
				CODE_SIGN_IDENTITY = "iPhone Developer";
				COPY_PHASE_STRIP = NO;
				DEBUG_INFORMATION_FORMAT = "dwarf-with-dsym";
				ENABLE_NS_ASSERTIONS = NO;
				ENABLE_STRICT_OBJC_MSGSEND = YES;
				GCC_C_LANGUAGE_STANDARD = gnu11;
				GCC_NO_COMMON_BLOCKS = YES;
				GCC_WARN_64_TO_32_BIT_CONVERSION = YES;
				GCC_WARN_ABOUT_RETURN_TYPE = YES_ERROR;
				GCC_WARN_UNDECLARED_SELECTOR = YES;
				GCC_WARN_UNINITIALIZED_AUTOS = YES_AGGRESSIVE;
				GCC_WARN_UNUSED_FUNCTION = YES;
				GCC_WARN_UNUSED_VARIABLE = YES;
				IPHONEOS_DEPLOYMENT_TARGET = 11.0;
				MTL_ENABLE_DEBUG_INFO = NO;
				SDKROOT = iphoneos;
				SWIFT_OPTIMIZATION_LEVEL = "-Owholemodule";
				VALIDATE_PRODUCT = YES;
			};
			name = Release;
		};
		029E17E51FBA307C00E5F8AB /* Debug */ = {
			isa = XCBuildConfiguration;
			baseConfigurationReference = 03C597F2654A7830B541D478 /* Pods-TBG.debug.xcconfig */;
			buildSettings = {
				ASSETCATALOG_COMPILER_APPICON_NAME = AppIcon;
				CODE_SIGN_ENTITLEMENTS = TBG/TBG.entitlements;
				"CODE_SIGN_IDENTITY[sdk=iphoneos*]" = "iPhone Developer";
				CODE_SIGN_STYLE = Automatic;
				DEVELOPMENT_TEAM = S9H4B38ZQN;
				INFOPLIST_FILE = TBG/Info.plist;
				LD_RUNPATH_SEARCH_PATHS = "$(inherited) @executable_path/Frameworks";
				PRODUCT_BUNDLE_IDENTIFIER = uk.co.krisreid.TBG;
				PRODUCT_NAME = "$(TARGET_NAME)";
				PROVISIONING_PROFILE_SPECIFIER = "";
				SWIFT_VERSION = 4.0;
				TARGETED_DEVICE_FAMILY = "1,2";
			};
			name = Debug;
		};
		029E17E61FBA307C00E5F8AB /* Release */ = {
			isa = XCBuildConfiguration;
			baseConfigurationReference = 49C8561EA02B5F2CD4A48983 /* Pods-TBG.release.xcconfig */;
			buildSettings = {
				ASSETCATALOG_COMPILER_APPICON_NAME = AppIcon;
				CODE_SIGN_ENTITLEMENTS = TBG/TBG.entitlements;
				"CODE_SIGN_IDENTITY[sdk=iphoneos*]" = "iPhone Developer";
				CODE_SIGN_STYLE = Automatic;
				DEVELOPMENT_TEAM = S9H4B38ZQN;
				INFOPLIST_FILE = TBG/Info.plist;
				LD_RUNPATH_SEARCH_PATHS = "$(inherited) @executable_path/Frameworks";
				PRODUCT_BUNDLE_IDENTIFIER = uk.co.krisreid.TBG;
				PRODUCT_NAME = "$(TARGET_NAME)";
				PROVISIONING_PROFILE_SPECIFIER = "";
				SWIFT_VERSION = 4.0;
				TARGETED_DEVICE_FAMILY = "1,2";
			};
			name = Release;
		};
/* End XCBuildConfiguration section */

/* Begin XCConfigurationList section */
		029E17CA1FBA307C00E5F8AB /* Build configuration list for PBXProject "TBG" */ = {
			isa = XCConfigurationList;
			buildConfigurations = (
				029E17E21FBA307C00E5F8AB /* Debug */,
				029E17E31FBA307C00E5F8AB /* Release */,
			);
			defaultConfigurationIsVisible = 0;
			defaultConfigurationName = Release;
		};
		029E17E41FBA307C00E5F8AB /* Build configuration list for PBXNativeTarget "TBG" */ = {
			isa = XCConfigurationList;
			buildConfigurations = (
				029E17E51FBA307C00E5F8AB /* Debug */,
				029E17E61FBA307C00E5F8AB /* Release */,
			);
			defaultConfigurationIsVisible = 0;
			defaultConfigurationName = Release;
		};
/* End XCConfigurationList section */

/* Begin XCVersionGroup section */
		029E17D91FBA307C00E5F8AB /* TBG.xcdatamodeld */ = {
			isa = XCVersionGroup;
			children = (
				029E17DA1FBA307C00E5F8AB /* TBG.xcdatamodel */,
			);
			currentVersion = 029E17DA1FBA307C00E5F8AB /* TBG.xcdatamodel */;
			path = TBG.xcdatamodeld;
			sourceTree = "<group>";
			versionGroupType = wrapper.xcdatamodel;
		};
/* End XCVersionGroup section */
	};
	rootObject = 029E17C71FBA307C00E5F8AB /* Project object */;
}
